
Microsoft Visual Studio Solution File, Format Version 12.00
# Visual Studio Version 16
VisualStudioVersion = 16.0.29709.97
MinimumVisualStudioVersion = 10.0.40219.1
Project("{9A19103F-16F7-4668-BE54-9A1E7A4F7556}") = "HomeWork1_RazorPagesMovies", "HomeWork1_RazorPagesMovies\HomeWork1_RazorPagesMovies.csproj", "{8A18E20D-054C-47AC-93DD-FAACF456DC10}"
EndProject
Project("{FAE04EC0-301F-11D3-BF4B-00C04F79EFBC}") = "HomeWork2_EFCoreWithRazorPages", "HomeWork2_EFCoreWithRazorPages\HomeWork2_EFCoreWithRazorPages.csproj", "{D399C7E8-9E9E-4795-9356-8836CB4B9A99}"
EndProject
Project("{2150E333-8FDC-42A3-9474-1A3956D46DE8}") = "TimeLog", "TimeLog", "{B1A3C10D-139D-4FD6-837D-500D904BC7E9}"
	ProjectSection(SolutionItems) = preProject
		Time recording log.xlsx = Time recording log.xlsx
	EndProjectSection
EndProject
Global
	GlobalSection(SolutionConfigurationPlatforms) = preSolution
		Debug|Any CPU = Debug|Any CPU
		Release|Any CPU = Release|Any CPU
	EndGlobalSection
	GlobalSection(ProjectConfigurationPlatforms) = postSolution
		{8A18E20D-054C-47AC-93DD-FAACF456DC10}.Debug|Any CPU.ActiveCfg = Debug|Any CPU
		{8A18E20D-054C-47AC-93DD-FAACF456DC10}.Debug|Any CPU.Build.0 = Debug|Any CPU
		{8A18E20D-054C-47AC-93DD-FAACF456DC10}.Release|Any CPU.ActiveCfg = Release|Any CPU
		{8A18E20D-054C-47AC-93DD-FAACF456DC10}.Release|Any CPU.Build.0 = Release|Any CPU
		{D399C7E8-9E9E-4795-9356-8836CB4B9A99}.Debug|Any CPU.ActiveCfg = Debug|Any CPU
		{D399C7E8-9E9E-4795-9356-8836CB4B9A99}.Debug|Any CPU.Build.0 = Debug|Any CPU
		{D399C7E8-9E9E-4795-9356-8836CB4B9A99}.Release|Any CPU.ActiveCfg = Release|Any CPU
		{D399C7E8-9E9E-4795-9356-8836CB4B9A99}.Release|Any CPU.Build.0 = Release|Any CPU
	EndGlobalSection
	GlobalSection(SolutionProperties) = preSolution
		HideSolutionNode = FALSE
	EndGlobalSection
	GlobalSection(ExtensibilityGlobals) = postSolution
		SolutionGuid = {D5E0775B-347B-41B9-AD6E-FB2E057B33B1}
	EndGlobalSection
EndGlobal
